PODS:
  - clipboard_listener (0.0.1):
    - Flutter
  - Flutter (1.0.0)

DEPENDENCIES:
  - clipboard_listener (from `.symlinks/plugins/clipboard_listener/ios`)
  - Flutter (from `Flutter`)

EXTERNAL SOURCES:
  clipboard_listener:
    :path: ".symlinks/plugins/clipboard_listener/ios"
  Flutter:
    :path: Flutter

SPEC CHECKSUMS:
  clipboard_listener: 5bdabc3b4ebabf4b4055ca17aa97b9b4b55160e2
  Flutter: f04841e97a9d0b0a8025694d0796dd46242b2854

PODFILE CHECKSUM: ef19549a9bc3046e7bb7d2fab4d021637c0c58a3

COCOAPODS: 1.11.3
